# THIS IS AN AUTOGENERATED FILE. DO NOT EDIT THIS FILE DIRECTLY.
# yarn lockfile v1


"@react-native-picker/picker@^1.16.5":
  version "1.16.5"
  resolved "https://registry.yarnpkg.com/@react-native-picker/picker/-/picker-1.16.5.tgz#f55f22bb8fcaec412170e8a1ac1c7b11818919e5"
  integrity sha512-IYfMXdUsfQe4RBLJPZq6GoPkr2otOTZqej/gU93x+oIjrR+UCcCb0fsqmXHT8qX29E+0cEQZd/4bWnzbICHNrg==
